{
  "nodes": {
    "blobs": {
      "flake": false,
      "locked": {
        "lastModified": 1604995301,
        "narHash": "sha256-wcLzgLec6SGJA8fx1OEN1yV/Py5b+U5iyYpksUY/yLw=",
        "owner": "simple-nixos-mailserver",
        "repo": "blobs",
        "rev": "2cccdf1ca48316f2cfd1c9a0017e8de5a7156265",
        "type": "gitlab"
      },
      "original": {
        "owner": "simple-nixos-mailserver",
        "repo": "blobs",
        "type": "gitlab"
      }
    },
    "bothendieck": {
      "inputs": {
        "flake-utils": [
          "home-manager",
          "utils"
        ],
        "nixpkgs": [
          "nixpkgs"
        ],
        "qeval": [
          "qeval"
        ]
      },
      "locked": {
        "lastModified": 1676767151,
        "narHash": "sha256-vI1avI5gKMKdtyCuGFedUX50PHKZ9+57IqaynfhO2Xg=",
        "owner": "ncfavier",
        "repo": "bothendieck",
        "rev": "e968df70c9088d01e5558e049a89dd1d00413764",
        "type": "github"
      },
      "original": {
        "owner": "ncfavier",
        "repo": "bothendieck",
        "type": "github"
      }
    },
    "dns": {
      "inputs": {
        "flake-utils": [
          "home-manager",
          "utils"
        ],
        "nixpkgs": [
          "nixpkgs"
        ]
      },
      "locked": {
        "lastModified": 1635273082,
        "narHash": "sha256-EHiDP2jEa7Ai5ZwIf5uld9RVFcV77+2SUxjQXwJsJa0=",
        "owner": "kirelagin",
        "repo": "dns.nix",
        "rev": "c7b9645da9c0ddce4f9de4ef27ec01bb8108039a",
        "type": "github"
      },
      "original": {
        "owner": "kirelagin",
        "repo": "dns.nix",
        "type": "github"
      }
    },
    "flake-compat": {
      "flake": false,
      "locked": {
        "lastModified": 1668681692,
        "narHash": "sha256-Ht91NGdewz8IQLtWZ9LCeNXMSXHUss+9COoqu6JLmXU=",
        "owner": "edolstra",
        "repo": "flake-compat",
        "rev": "009399224d5e398d03b22badca40a37ac85412a1",
        "type": "github"
      },
      "original": {
        "owner": "edolstra",
        "repo": "flake-compat",
        "type": "github"
      }
    },
    "home-manager": {
      "inputs": {
        "nixpkgs": [
          "nixpkgs"
        ],
        "utils": "utils"
      },
      "locked": {
        "lastModified": 1677013990,
        "narHash": "sha256-HwAnE5MHsyLiRJp50KfDFPiiOZXI0Ts8hXpIh6yBilE=",
        "owner": "nix-community",
        "repo": "home-manager",
        "rev": "564b82b3542026e7fb5d0da16c56ae3e40e5c9dd",
        "type": "github"
      },
      "original": {
        "owner": "nix-community",
        "repo": "home-manager",
        "type": "github"
      }
    },
    "nixos-hardware": {
      "locked": {
        "lastModified": 1677070927,
        "narHash": "sha256-rAk2/80kLvA3yIMmSV86T1B4kNvwCFMSQ1FxXndaUB0=",
        "owner": "ncfavier",
        "repo": "nixos-hardware",
        "rev": "fb4ff6250eaff6e82eb13ad7fe705a45c24390dd",
        "type": "github"
      },
      "original": {
        "owner": "ncfavier",
        "ref": "remove-rtw89",
        "repo": "nixos-hardware",
        "type": "github"
      }
    },
    "nixpkgs": {
      "locked": {
        "lastModified": 1676973346,
        "narHash": "sha256-rft8oGMocTAhUVqG3LW6I8K/Fo9ICGmNjRqaWTJwav0=",
        "owner": "NixOS",
        "repo": "nixpkgs",
        "rev": "d0d55259081f0b97c828f38559cad899d351cad1",
        "type": "github"
      },
      "original": {
        "id": "nixpkgs",
        "ref": "nixos-unstable",
        "type": "indirect"
      }
    },
    "nixpkgs-22_11": {
      "locked": {
        "lastModified": 1669558522,
        "narHash": "sha256-yqxn+wOiPqe6cxzOo4leeJOp1bXE/fjPEi/3F/bBHv8=",
        "owner": "NixOS",
        "repo": "nixpkgs",
        "rev": "ce5fe99df1f15a09a91a86be9738d68fadfbad82",
        "type": "github"
      },
      "original": {
        "id": "nixpkgs",
        "ref": "nixos-22.11",
        "type": "indirect"
      }
    },
    "nixpkgs-mozilla": {
      "locked": {
        "lastModified": 1672878308,
        "narHash": "sha256-0+fl6PHokhtSV+w58z2QD2rTf8QhcOGsT9o4LwHHZHE=",
        "owner": "mozilla",
        "repo": "nixpkgs-mozilla",
        "rev": "d38863db88e100866b3e494a651ee4962b762fcc",
        "type": "github"
      },
      "original": {
        "owner": "mozilla",
        "repo": "nixpkgs-mozilla",
        "type": "github"
      }
    },
    "nixpkgs-stable": {
      "locked": {
        "lastModified": 1676998680,
        "narHash": "sha256-61gxdL3bqHWnRSiYq+sKWbSX6tuwaRnYfPvhpRK011s=",
        "owner": "NixOS",
        "repo": "nixpkgs",
        "rev": "a3d745e701c337e65ef467d5a9400d9336a303a1",
        "type": "github"
      },
      "original": {
        "id": "nixpkgs",
        "ref": "nixos-22.11",
        "type": "indirect"
      }
    },
    "nixpkgs-stable_2": {
      "locked": {
        "lastModified": 1676771332,
        "narHash": "sha256-YYn2K0AwyIyCzvP7C+xzEt64rlCRPyrllRPGNNu+50M=",
        "owner": "NixOS",
        "repo": "nixpkgs",
        "rev": "f27a4e2f6a3a23b843ca1c736e6043fb8b99acc1",
        "type": "github"
      },
      "original": {
        "owner": "NixOS",
        "ref": "release-22.11",
        "repo": "nixpkgs",
        "type": "github"
      }
    },
    "nixpkgs_2": {
      "locked": {
        "lastModified": 1673363027,
        "narHash": "sha256-nuPLEsEUvERI+gwmqknerUVHhdzDiZHKZ18Ibkvo7VQ=",
        "owner": "NixOS",
        "repo": "nixpkgs",
        "rev": "d3b4150929d4fed7eb626695c4f78881cfcbeb9e",
        "type": "github"
      },
      "original": {
        "id": "nixpkgs",
        "ref": "nixpkgs-unstable",
        "type": "indirect"
      }
    },
    "nur": {
      "locked": {
        "lastModified": 1677051354,
        "narHash": "sha256-r5adVQTxUVLzg4wm5rr/p1g0wXB2u3c0SYvcNAGxUgQ=",
        "owner": "nix-community",
        "repo": "NUR",
        "rev": "004688f099616a6e5e077fbb1aebb5c921ac3bfa",
        "type": "github"
      },
      "original": {
        "id": "nur",
        "type": "indirect"
      }
    },
    "qeval": {
      "inputs": {
        "flake-utils": [
          "home-manager",
          "utils"
        ],
        "nixpkgs": "nixpkgs_2",
        "nixpkgs-mozilla": "nixpkgs-mozilla",
        "nur": [
          "nur"
        ]
      },
      "locked": {
        "lastModified": 1675429387,
        "narHash": "sha256-+ul4OKewOmIp+FbRDpmYBKvfFaV0W/Di2j/SHXB3fgw=",
        "owner": "ncfavier",
        "repo": "qeval",
        "rev": "6c5d1ca728b2ce570ddbace21385b877b247e1d3",
        "type": "github"
      },
      "original": {
        "owner": "ncfavier",
        "repo": "qeval",
        "type": "github"
      }
    },
    "root": {
      "inputs": {
        "bothendieck": "bothendieck",
        "dns": "dns",
        "home-manager": "home-manager",
        "nixos-hardware": "nixos-hardware",
        "nixpkgs": "nixpkgs",
        "nixpkgs-stable": "nixpkgs-stable",
        "nur": "nur",
        "qeval": "qeval",
        "simple-nixos-mailserver": "simple-nixos-mailserver",
        "sops-nix": "sops-nix",
        "www": "www"
      }
    },
    "simple-nixos-mailserver": {
      "inputs": {
        "blobs": "blobs",
        "flake-compat": "flake-compat",
        "nixpkgs": [
          "nixpkgs"
        ],
        "nixpkgs-22_11": "nixpkgs-22_11",
        "utils": [
          "home-manager",
          "utils"
        ]
      },
      "locked": {
        "lastModified": 1676463309,
        "narHash": "sha256-lKf9MbFL7FbB0aupJHOSdoyWmhYwvbmnRummYaOgPew=",
        "owner": "ncfavier",
        "repo": "nixos-mailserver",
        "rev": "cc2576cb6897123d27457611999017cd02999409",
        "type": "gitlab"
      },
      "original": {
        "owner": "ncfavier",
        "ref": "certificate-schemes",
        "repo": "nixos-mailserver",
        "type": "gitlab"
      }
    },
    "sops-nix": {
      "inputs": {
        "nixpkgs": [
          "nixpkgs"
        ],
        "nixpkgs-stable": "nixpkgs-stable_2"
      },
      "locked": {
        "lastModified": 1676959847,
        "narHash": "sha256-KZS6sIsMXiNyN7jW45MrEo95iEXj6nMLKvxgxO181no=",
        "owner": "Mic92",
        "repo": "sops-nix",
        "rev": "2c5828439d718a6cddd9a511997d9ac7626a4aff",
        "type": "github"
      },
      "original": {
        "owner": "Mic92",
        "repo": "sops-nix",
        "type": "github"
      }
    },
    "utils": {
      "locked": {
        "lastModified": 1667395993,
        "narHash": "sha256-nuEHfE/LcWyuSWnS8t12N1wc105Qtau+/OdUAjtQ0rA=",
        "owner": "numtide",
        "repo": "flake-utils",
        "rev": "5aed5285a952e0b949eb3ba02c12fa4fcfef535f",
        "type": "github"
      },
      "original": {
        "owner": "numtide",
        "repo": "flake-utils",
        "type": "github"
      }
    },
    "www": {
      "flake": false,
      "locked": {
        "lastModified": 1668875179,
        "narHash": "sha256-YFumlHVV9ZedoYq23A4+ic2WGoxHCd1erk5Qjy2k7so=",
        "owner": "ncfavier",
        "repo": "monade.li",
        "rev": "ae7151235eb14b5f75135fa204a1e574750d6f3b",
        "type": "github"
      },
      "original": {
        "owner": "ncfavier",
        "repo": "monade.li",
        "type": "github"
      }
    }
  },
  "root": "root",
  "version": 7
}
