{
  "nodes": {
    "dns": {
      "inputs": {
        "nixpkgs": [
          "nixos"
        ]
      },
      "locked": {
        "lastModified": 1606918933,
        "narHash": "sha256-nkayeLpTvkj1IbwwUKZtz8Nxqxyl7UOuyDvSx5Y0WVY=",
        "owner": "kirelagin",
        "repo": "nix-dns",
        "rev": "985797066ffaf8fb05693169c7c2c3222c704365",
        "type": "github"
      },
      "original": {
        "owner": "kirelagin",
        "repo": "nix-dns",
        "type": "github"
      }
    },
    "home-manager": {
      "inputs": {
        "nixpkgs": [
          "nixos"
        ]
      },
      "locked": {
        "lastModified": 1614028896,
        "narHash": "sha256-MeXlsYzPn/aWdfqRJvW/yBfPdQ0qcQCkDvu2+9X2Q4E=",
        "owner": "nix-community",
        "repo": "home-manager",
        "rev": "7582090eb0f64144995d4fb9d5e52343e2c3f64b",
        "type": "github"
      },
      "original": {
        "owner": "nix-community",
        "repo": "home-manager",
        "type": "github"
      }
    },
    "monade.li": {
      "flake": false,
      "locked": {
        "lastModified": 1605220504,
        "narHash": "sha256-QbcZxrhYMN+UvjOpb1Ofc9bm0LNq36P8l1kPnB7pCrU=",
        "owner": "ncfavier",
        "repo": "monade.li",
        "rev": "cd734482e257b1a0f57bc1e8c6772a6c93e93e89",
        "type": "github"
      },
      "original": {
        "owner": "ncfavier",
        "repo": "monade.li",
        "type": "github"
      }
    },
    "nixos": {
      "locked": {
        "lastModified": 1614535430,
        "narHash": "sha256-kZwi0CooIOmFrk9eIteYSZIr4a4DVTEYV7UnURs6DSM=",
        "owner": "NixOS",
        "repo": "nixpkgs",
        "rev": "0aeba64fb26e4defa0842a942757144659c6e29f",
        "type": "github"
      },
      "original": {
        "id": "nixpkgs",
        "ref": "nixos-unstable",
        "type": "indirect"
      }
    },
    "nixos-hardware": {
      "locked": {
        "lastModified": 1613453906,
        "narHash": "sha256-w6oeQ3OTCKxRAG9KtjK+ErxpvUhNr48binO99JVQP9Q=",
        "owner": "NixOS",
        "repo": "nixos-hardware",
        "rev": "115770eed0c0fa50c1277cd0f7fe0f15501dbc43",
        "type": "github"
      },
      "original": {
        "id": "nixos-hardware",
        "type": "indirect"
      }
    },
    "nixos-stable": {
      "locked": {
        "lastModified": 1614758166,
        "narHash": "sha256-I+LJW8dsD990K/HH53il36SGarKY/HYtFeXfIN03nEQ=",
        "owner": "NixOS",
        "repo": "nixpkgs",
        "rev": "4d0ee90c6e253d40920f8dae5edb717a7d6f151d",
        "type": "github"
      },
      "original": {
        "id": "nixpkgs",
        "ref": "nixos-20.09",
        "type": "indirect"
      }
    },
    "nixpkgs-mine": {
      "locked": {
        "lastModified": 1614341824,
        "narHash": "sha256-AuMu2KAATLApi7n4WpvrK8hJJ6uIpcvMc0uNdnMZwBs=",
        "owner": "ncfavier",
        "repo": "nixpkgs",
        "rev": "302fcc4674803169af9efdb247fd529e65853459",
        "type": "github"
      },
      "original": {
        "owner": "ncfavier",
        "repo": "nixpkgs",
        "type": "github"
      }
    },
    "root": {
      "inputs": {
        "dns": "dns",
        "home-manager": "home-manager",
        "monade.li": "monade.li",
        "nixos": "nixos",
        "nixos-hardware": "nixos-hardware",
        "nixos-stable": "nixos-stable",
        "nixpkgs-mine": "nixpkgs-mine",
        "simple-nixos-mailserver": "simple-nixos-mailserver",
        "sops-nix": "sops-nix"
      }
    },
    "simple-nixos-mailserver": {
      "inputs": {
        "nixpkgs": [
          "nixos"
        ],
        "utils": "utils"
      },
      "locked": {
        "lastModified": 1612901376,
        "narHash": "sha256-CfknYrK2diJqZWmv3dtS801F6pZYgIIWUuGFLl0PzYo=",
        "owner": "simple-nixos-mailserver",
        "repo": "nixos-mailserver",
        "rev": "0c4b9a898527dcaf9a3491ad1cb37a6c3a7b1b63",
        "type": "gitlab"
      },
      "original": {
        "owner": "simple-nixos-mailserver",
        "repo": "nixos-mailserver",
        "type": "gitlab"
      }
    },
    "sops-nix": {
      "inputs": {
        "nixpkgs": [
          "nixos"
        ]
      },
      "locked": {
        "lastModified": 1614786688,
        "narHash": "sha256-inkR/ABghhpdwBEThUjeJAQ3AmS30pHGMTL6YwJGAZU=",
        "owner": "ncfavier",
        "repo": "sops-nix",
        "rev": "9ce29ee6b20ac9f8575d7c10dc50da1ad61188c9",
        "type": "github"
      },
      "original": {
        "owner": "ncfavier",
        "repo": "sops-nix",
        "type": "github"
      }
    },
    "utils": {
      "locked": {
        "lastModified": 1605370193,
        "narHash": "sha256-YyMTf3URDL/otKdKgtoMChu4vfVL3vCMkRqpGifhUn0=",
        "owner": "numtide",
        "repo": "flake-utils",
        "rev": "5021eac20303a61fafe17224c087f5519baed54d",
        "type": "github"
      },
      "original": {
        "owner": "numtide",
        "repo": "flake-utils",
        "type": "github"
      }
    }
  },
  "root": "root",
  "version": 7
}
